// !$*UTF8*$!
{
	archiveVersion = 1;
	classes = {
	};
	objectVersion = 46;
	objects = {

/* Begin PBXBuildFile section */
		D093ABA11C0BFB9C00357BCF /* main.m in Sources */ = {isa = PBXBuildFile; fileRef = D093ABA01C0BFB9C00357BCF /* main.m */; };
		D093ABA41C0BFB9C00357BCF /* AppDelegate.m in Sources */ = {isa = PBXBuildFile; fileRef = D093ABA31C0BFB9C00357BCF /* AppDelegate.m */; };
		D093ABA71C0BFB9C00357BCF /* ViewController.m in Sources */ = {isa = PBXBuildFile; fileRef = D093ABA61C0BFB9C00357BCF /* ViewController.m */; };
		D093ABAA1C0BFB9C00357BCF /* Main.storyboard in Resources */ = {isa = PBXBuildFile; fileRef = D093ABA81C0BFB9C00357BCF /* Main.storyboard */; };
		D093ABAC1C0BFB9C00357BCF /* Images.xcassets in Resources */ = {isa = PBXBuildFile; fileRef = D093ABAB1C0BFB9C00357BCF /* Images.xcassets */; };
		D093ABAF1C0BFB9C00357BCF /* LaunchScreen.xib in Resources */ = {isa = PBXBuildFile; fileRef = D093ABAD1C0BFB9C00357BCF /* LaunchScreen.xib */; };
		D093ABBB1C0BFB9C00357BCF /* gitTests.m in Sources */ = {isa = PBXBuildFile; fileRef = D093ABBA1C0BFB9C00357BCF /* gitTests.m */; };
/* End PBXBuildFile section */

/* Begin PBXContainerItemProxy section */
		D093ABB51C0BFB9C00357BCF /* PBXContainerItemProxy */ = {
			isa = PBXContainerItemProxy;
			containerPortal = D093AB931C0BFB9C00357BCF /* Project object */;
			proxyType = 1;
			remoteGlobalIDString = D093AB9A1C0BFB9C00357BCF;
			remoteInfo = git;
		};
/* End PBXContainerItemProxy section */

/* Begin PBXFileReference section */
		D093AB9B1C0BFB9C00357BCF /* git.app */ = {isa = PBXFileReference; explicitFileType = wrapper.application; includeInIndex = 0; path = git.app; sourceTree = BUILT_PRODUCTS_DIR; };
		D093AB9F1C0BFB9C00357BCF /* Info.plist */ = {isa = PBXFileReference; lastKnownFileType = text.plist.xml; path = Info.plist; sourceTree = "<group>"; };
		D093ABA01C0BFB9C00357BCF /* main.m */ = {isa = PBXFileReference; lastKnownFileType = sourcecode.c.objc; path = main.m; sourceTree = "<group>"; };
		D093ABA21C0BFB9C00357BCF /* AppDelegate.h */ = {isa = PBXFileReference; lastKnownFileType = sourcecode.c.h; path = AppDelegate.h; sourceTree = "<group>"; };
		D093ABA31C0BFB9C00357BCF /* AppDelegate.m */ = {isa = PBXFileReference; lastKnownFileType = sourcecode.c.objc; path = AppDelegate.m; sourceTree = "<group>"; };
		D093ABA51C0BFB9C00357BCF /* ViewController.h */ = {isa = PBXFileReference; lastKnownFileType = sourcecode.c.h; path = ViewController.h; sourceTree = "<group>"; };
		D093ABA61C0BFB9C00357BCF /* ViewController.m */ = {isa = PBXFileReference; lastKnownFileType = sourcecode.c.objc; path = ViewController.m; sourceTree = "<group>"; };
		D093ABA91C0BFB9C00357BCF /* Base */ = {isa = PBXFileReference; lastKnownFileType = file.storyboard; name = Base; path = Base.lproj/Main.storyboard; sourceTree = "<group>"; };
		D093ABAB1C0BFB9C00357BCF /* Images.xcassets */ = {isa = PBXFileReference; lastKnownFileType = folder.assetcatalog; path = Images.xcassets; sourceTree = "<group>"; };
		D093ABAE1C0BFB9C00357BCF /* Base */ = {isa = PBXFileReference; lastKnownFileType = file.xib; name = Base; path = Base.lproj/LaunchScreen.xib; sourceTree = "<group>"; };
		D093ABB41C0BFB9C00357BCF /* gitTests.xctest */ = {isa = PBXFileReference; explicitFileType = wrapper.cfbundle; includeInIndex = 0; path = gitTests.xctest; sourceTree = BUILT_PRODUCTS_DIR; };
		D093ABB91C0BFB9C00357BCF /* Info.plist */ = {isa = PBXFileReference; lastKnownFileType = text.plist.xml; path = Info.plist; sourceTree = "<group>"; };
		D093ABBA1C0BFB9C00357BCF /* gitTests.m */ = {isa = PBXFileReference; lastKnownFileType = sourcecode.c.objc; path = gitTests.m; sourceTree = "<group>"; };
/* End PBXFileReference section */

/* Begin PBXFrameworksBuildPhase section */
		D093AB981C0BFB9C00357BCF /* Frameworks */ = {
			isa = PBXFrameworksBuildPhase;
			buildActionMask = 2147483647;
			files = (
			);
			runOnlyForDeploymentPostprocessing = 0;
		};
		D093ABB11C0BFB9C00357BCF /* Frameworks */ = {
			isa = PBXFrameworksBuildPhase;
			buildActionMask = 2147483647;
			files = (
			);
			runOnlyForDeploymentPostprocessing = 0;
		};
/* End PBXFrameworksBuildPhase section */

/* Begin PBXGroup section */
		D093AB921C0BFB9C00357BCF = {
			isa = PBXGroup;
			children = (
				D093AB9D1C0BFB9C00357BCF /* git */,
				D093ABB71C0BFB9C00357BCF /* gitTests */,
				D093AB9C1C0BFB9C00357BCF /* Products */,
			);
			sourceTree = "<group>";
		};
		D093AB9C1C0BFB9C00357BCF /* Products */ = {
			isa = PBXGroup;
			children = (
				D093AB9B1C0BFB9C00357BCF /* git.app */,
				D093ABB41C0BFB9C00357BCF /* gitTests.xctest */,
			);
			name = Products;
			sourceTree = "<group>";
		};
		D093AB9D1C0BFB9C00357BCF /* git */ = {
			isa = PBXGroup;
			children = (
				D093ABA21C0BFB9C00357BCF /* AppDelegate.h */,
				D093ABA31C0BFB9C00357BCF /* AppDelegate.m */,
				D093ABA51C0BFB9C00357BCF /* ViewController.h */,
				D093ABA61C0BFB9C00357BCF /* ViewController.m */,
				D093ABA81C0BFB9C00357BCF /* Main.storyboard */,
				D093ABAB1C0BFB9C00357BCF /* Images.xcassets */,
				D093ABAD1C0BFB9C00357BCF /* LaunchScreen.xib */,
				D093AB9E1C0BFB9C00357BCF /* Supporting Files */,
			);
			path = git;
			sourceTree = "<group>";
		};
		D093AB9E1C0BFB9C00357BCF /* Supporting Files */ = {
			isa = PBXGroup;
			children = (
				D093AB9F1C0BFB9C00357BCF /* Info.plist */,
				D093ABA01C0BFB9C00357BCF /* main.m */,
			);
			name = "Supporting Files";
			sourceTree = "<group>";
		};
		D093ABB71C0BFB9C00357BCF /* gitTests */ = {
			isa = PBXGroup;
			children = (
				D093ABBA1C0BFB9C00357BCF /* gitTests.m */,
				D093ABB81C0BFB9C00357BCF /* Supporting Files */,
			);
			path = gitTests;
			sourceTree = "<group>";
		};
		D093ABB81C0BFB9C00357BCF /* Supporting Files */ = {
			isa = PBXGroup;
			children = (
				D093ABB91C0BFB9C00357BCF /* Info.plist */,
			);
			name = "Supporting Files";
			sourceTree = "<group>";
		};
/* End PBXGroup section */

/* Begin PBXNativeTarget section */
		D093AB9A1C0BFB9C00357BCF /* git */ = {
			isa = PBXNativeTarget;
			buildConfigurationList = D093ABBE1C0BFB9C00357BCF /* Build configuration list for PBXNativeTarget "git" */;
			buildPhases = (
				D093AB971C0BFB9C00357BCF /* Sources */,
				D093AB981C0BFB9C00357BCF /* Frameworks */,
				D093AB991C0BFB9C00357BCF /* Resources */,
			);
			buildRules = (
			);
			dependencies = (
			);
			name = git;
			productName = git;
			productReference = D093AB9B1C0BFB9C00357BCF /* git.app */;
			productType = "com.apple.product-type.application";
		};
		D093ABB31C0BFB9C00357BCF /* gitTests */ = {
			isa = PBXNativeTarget;
			buildConfigurationList = D093ABC11C0BFB9C00357BCF /* Build configuration list for PBXNativeTarget "gitTests" */;
			buildPhases = (
				D093ABB01C0BFB9C00357BCF /* Sources */,
				D093ABB11C0BFB9C00357BCF /* Frameworks */,
				D093ABB21C0BFB9C00357BCF /* Resources */,
			);
			buildRules = (
			);
			dependencies = (
				D093ABB61C0BFB9C00357BCF /* PBXTargetDependency */,
			);
			name = gitTests;
			productName = gitTests;
			productReference = D093ABB41C0BFB9C00357BCF /* gitTests.xctest */;
			productType = "com.apple.product-type.bundle.unit-test";
		};
/* End PBXNativeTarget section */

/* Begin PBXProject section */
		D093AB931C0BFB9C00357BCF /* Project object */ = {
			isa = PBXProject;
			attributes = {
				LastUpgradeCheck = 0630;
				ORGANIZATIONNAME = suliyang;
				TargetAttributes = {
					D093AB9A1C0BFB9C00357BCF = {
						CreatedOnToolsVersion = 6.3.2;
					};
					D093ABB31C0BFB9C00357BCF = {
						CreatedOnToolsVersion = 6.3.2;
						TestTargetID = D093AB9A1C0BFB9C00357BCF;
					};
				};
			};
			buildConfigurationList = D093AB961C0BFB9C00357BCF /* Build configuration list for PBXProject "git" */;
			compatibilityVersion = "Xcode 3.2";
			developmentRegion = English;
			hasScannedForEncodings = 0;
			knownRegions = (
				en,
				Base,
			);
			mainGroup = D093AB921C0BFB9C00357BCF;
			productRefGroup = D093AB9C1C0BFB9C00357BCF /* Products */;
			projectDirPath = "";
			projectRoot = "";
			targets = (
				D093AB9A1C0BFB9C00357BCF /* git */,
				D093ABB31C0BFB9C00357BCF /* gitTests */,
			);
		};
/* End PBXProject section */

/* Begin PBXResourcesBuildPhase section */
		D093AB991C0BFB9C00357BCF /* Resources */ = {
			isa = PBXResourcesBuildPhase;
			buildActionMask = 2147483647;
			files = (
				D093ABAA1C0BFB9C00357BCF /* Main.storyboard in Resources */,
				D093ABAF1C0BFB9C00357BCF /* LaunchScreen.xib in Resources */,
				D093ABAC1C0BFB9C00357BCF /* Images.xcassets in Resources */,
			);
			runOnlyForDeploymentPostprocessing = 0;
		};
		D093ABB21C0BFB9C00357BCF /* Resources */ = {
			isa = PBXResourcesBuildPhase;
			buildActionMask = 2147483647;
			files = (
			);
			runOnlyForDeploymentPostprocessing = 0;
		};
/* End PBXResourcesBuildPhase section */

/* Begin PBXSourcesBuildPhase section */
		D093AB971C0BFB9C00357BCF /* Sources */ = {
			isa = PBXSourcesBuildPhase;
			buildActionMask = 2147483647;
			files = (
				D093ABA71C0BFB9C00357BCF /* ViewController.m in Sources */,
				D093ABA41C0BFB9C00357BCF /* AppDelegate.m in Sources */,
				D093ABA11C0BFB9C00357BCF /* main.m in Sources */,
			);
			runOnlyForDeploymentPostprocessing = 0;
		};
		D093ABB01C0BFB9C00357BCF /* Sources */ = {
			isa = PBXSourcesBuildPhase;
			buildActionMask = 2147483647;
			files = (
				D093ABBB1C0BFB9C00357BCF /* gitTests.m in Sources */,
			);
			runOnlyForDeploymentPostprocessing = 0;
		};
/* End PBXSourcesBuildPhase section */

/* Begin PBXTargetDependency section */
		D093ABB61C0BFB9C00357BCF /* PBXTargetDependency */ = {
			isa = PBXTargetDependency;
			target = D093AB9A1C0BFB9C00357BCF /* git */;
			targetProxy = D093ABB51C0BFB9C00357BCF /* PBXContainerItemProxy */;
		};
/* End PBXTargetDependency section */

/* Begin PBXVariantGroup section */
		D093ABA81C0BFB9C00357BCF /* Main.storyboard */ = {
			isa = PBXVariantGroup;
			children = (
				D093ABA91C0BFB9C00357BCF /* Base */,
			);
			name = Main.storyboard;
			sourceTree = "<group>";
		};
		D093ABAD1C0BFB9C00357BCF /* LaunchScreen.xib */ = {
			isa = PBXVariantGroup;
			children = (
				D093ABAE1C0BFB9C00357BCF /* Base */,
			);
			name = LaunchScreen.xib;
			sourceTree = "<group>";
		};
/* End PBXVariantGroup section */

/* Begin XCBuildConfiguration section */
		D093ABBC1C0BFB9C00357BCF /* Debug */ = {
			isa = XCBuildConfiguration;
			buildSettings = {
				ALWAYS_SEARCH_USER_PATHS = NO;
				CLANG_CXX_LANGUAGE_STANDARD = "gnu++0x";
				CLANG_CXX_LIBRARY = "libc++";
				CLANG_ENABLE_MODULES = YES;
				CLANG_ENABLE_OBJC_ARC = YES;
				CLANG_WARN_BOOL_CONVERSION = YES;
				CLANG_WARN_CONSTANT_CONVERSION = YES;
				CLANG_WARN_DIRECT_OBJC_ISA_USAGE = YES_ERROR;
				CLANG_WARN_EMPTY_BODY = YES;
				CLANG_WARN_ENUM_CONVERSION = YES;
				CLANG_WARN_INT_CONVERSION = YES;
				CLANG_WARN_OBJC_ROOT_CLASS = YES_ERROR;
				CLANG_WARN_UNREACHABLE_CODE = YES;
				CLANG_WARN__DUPLICATE_METHOD_MATCH = YES;
				"CODE_SIGN_IDENTITY[sdk=iphoneos*]" = "iPhone Developer";
				COPY_PHASE_STRIP = NO;
				DEBUG_INFORMATION_FORMAT = "dwarf-with-dsym";
				ENABLE_STRICT_OBJC_MSGSEND = YES;
				GCC_C_LANGUAGE_STANDARD = gnu99;
				GCC_DYNAMIC_NO_PIC = NO;
				GCC_NO_COMMON_BLOCKS = YES;
				GCC_OPTIMIZATION_LEVEL = 0;
				GCC_PREPROCESSOR_DEFINITIONS = (
					"DEBUG=1",
					"$(inherited)",
				);
				GCC_SYMBOLS_PRIVATE_EXTERN = NO;
				GCC_WARN_64_TO_32_BIT_CONVERSION = YES;
				GCC_WARN_ABOUT_RETURN_TYPE = YES_ERROR;
				GCC_WARN_UNDECLARED_SELECTOR = YES;
				GCC_WARN_UNINITIALIZED_AUTOS = YES_AGGRESSIVE;
				GCC_WARN_UNUSED_FUNCTION = YES;
				GCC_WARN_UNUSED_VARIABLE = YES;
				IPHONEOS_DEPLOYMENT_TARGET = 8.4;
				MTL_ENABLE_DEBUG_INFO = YES;
				ONLY_ACTIVE_ARCH = YES;
				SDKROOT = iphoneos;
			};
			name = Debug;
		};
		D093ABBD1C0BFB9C00357BCF /* Release */ = {
			isa = XCBuildConfiguration;
			buildSettings = {
				ALWAYS_SEARCH_USER_PATHS = NO;
				CLANG_CXX_LANGUAGE_STANDARD = "gnu++0x";
				CLANG_CXX_LIBRARY = "libc++";
				CLANG_ENABLE_MODULES = YES;
				CLANG_ENABLE_OBJC_ARC = YES;
				CLANG_WARN_BOOL_CONVERSION = YES;
				CLANG_WARN_CONSTANT_CONVERSION = YES;
				CLANG_WARN_DIRECT_OBJC_ISA_USAGE = YES_ERROR;
				CLANG_WARN_EMPTY_BODY = YES;
				CLANG_WARN_ENUM_CONVERSION = YES;
				CLANG_WARN_INT_CONVERSION = YES;
				CLANG_WARN_OBJC_ROOT_CLASS = YES_ERROR;
				CLANG_WARN_UNREACHABLE_CODE = YES;
				CLANG_WARN__DUPLICATE_METHOD_MATCH = YES;
				"CODE_SIGN_IDENTITY[sdk=iphoneos*]" = "iPhone Developer";
				COPY_PHASE_STRIP = NO;
				DEBUG_INFORMATION_FORMAT = "dwarf-with-dsym";
				ENABLE_NS_ASSERTIONS = NO;
				ENABLE_STRICT_OBJC_MSGSEND = YES;
				GCC_C_LANGUAGE_STANDARD = gnu99;
				GCC_NO_COMMON_BLOCKS = YES;
				GCC_WARN_64_TO_32_BIT_CONVERSION = YES;
				GCC_WARN_ABOUT_RETURN_TYPE = YES_ERROR;
				GCC_WARN_UNDECLARED_SELECTOR = YES;
				GCC_WARN_UNINITIALIZED_AUTOS = YES_AGGRESSIVE;
				GCC_WARN_UNUSED_FUNCTION = YES;
				GCC_WARN_UNUSED_VARIABLE = YES;
				IPHONEOS_DEPLOYMENT_TARGET = 8.4;
				MTL_ENABLE_DEBUG_INFO = NO;
				SDKROOT = iphoneos;
				VALIDATE_PRODUCT = YES;
			};
			name = Release;
		};
		D093ABBF1C0BFB9C00357BCF /* Debug */ = {
			isa = XCBuildConfiguration;
			buildSettings = {
				ASSETCATALOG_COMPILER_APPICON_NAME = AppIcon;
				INFOPLIST_FILE = git/Info.plist;
				IPHONEOS_DEPLOYMENT_TARGET = 8.3;
				LD_RUNPATH_SEARCH_PATHS = "$(inherited) @executable_path/Frameworks";
				PRODUCT_NAME = "$(TARGET_NAME)";
			};
			name = Debug;
		};
		D093ABC01C0BFB9C00357BCF /* Release */ = {
			isa = XCBuildConfiguration;
			buildSettings = {
				ASSETCATALOG_COMPILER_APPICON_NAME = AppIcon;
				INFOPLIST_FILE = git/Info.plist;
				IPHONEOS_DEPLOYMENT_TARGET = 8.3;
				LD_RUNPATH_SEARCH_PATHS = "$(inherited) @executable_path/Frameworks";
				PRODUCT_NAME = "$(TARGET_NAME)";
			};
			name = Release;
		};
		D093ABC21C0BFB9C00357BCF /* Debug */ = {
			isa = XCBuildConfiguration;
			buildSettings = {
				BUNDLE_LOADER = "$(TEST_HOST)";
				FRAMEWORK_SEARCH_PATHS = (
					"$(SDKROOT)/Developer/Library/Frameworks",
					"$(inherited)",
				);
				GCC_PREPROCESSOR_DEFINITIONS = (
					"DEBUG=1",
					"$(inherited)",
				);
				INFOPLIST_FILE = gitTests/Info.plist;
				LD_RUNPATH_SEARCH_PATHS = "$(inherited) @executable_path/Frameworks @loader_path/Frameworks";
				PRODUCT_NAME = "$(TARGET_NAME)";
				TEST_HOST = "$(BUILT_PRODUCTS_DIR)/git.app/git";
			};
			name = Debug;
		};
		D093ABC31C0BFB9C00357BCF /* Release */ = {
			isa = XCBuildConfiguration;
			buildSettings = {
				BUNDLE_LOADER = "$(TEST_HOST)";
				FRAMEWORK_SEARCH_PATHS = (
					"$(SDKROOT)/Developer/Library/Frameworks",
					"$(inherited)",
				);
				INFOPLIST_FILE = gitTests/Info.plist;
				LD_RUNPATH_SEARCH_PATHS = "$(inherited) @executable_path/Frameworks @loader_path/Frameworks";
				PRODUCT_NAME = "$(TARGET_NAME)";
				TEST_HOST = "$(BUILT_PRODUCTS_DIR)/git.app/git";
			};
			name = Release;
		};
/* End XCBuildConfiguration section */

/* Begin XCConfigurationList section */
		D093AB961C0BFB9C00357BCF /* Build configuration list for PBXProject "git" */ = {
			isa = XCConfigurationList;
			buildConfigurations = (
				D093ABBC1C0BFB9C00357BCF /* Debug */,
				D093ABBD1C0BFB9C00357BCF /* Release */,
			);
			defaultConfigurationIsVisible = 0;
			defaultConfigurationName = Release;
		};
		D093ABBE1C0BFB9C00357BCF /* Build configuration list for PBXNativeTarget "git" */ = {
			isa = XCConfigurationList;
			buildConfigurations = (
				D093ABBF1C0BFB9C00357BCF /* Debug */,
				D093ABC01C0BFB9C00357BCF /* Release */,
			);
			defaultConfigurationIsVisible = 0;
		};
		D093ABC11C0BFB9C00357BCF /* Build configuration list for PBXNativeTarget "gitTests" */ = {
			isa = XCConfigurationList;
			buildConfigurations = (
				D093ABC21C0BFB9C00357BCF /* Debug */,
				D093ABC31C0BFB9C00357BCF /* Release */,
			);
			defaultConfigurationIsVisible = 0;
		};
/* End XCConfigurationList section */
	};
	rootObject = D093AB931C0BFB9C00357BCF /* Project object */;
}
